<Solution>
  <Folder Name="/src/" />
  <Folder Name="/src/Core/">
    <Project Path="src/Core/JeffreyPalermo.Core.csproj" />
  </Folder>
  <Folder Name="/src/Infrastructure/">
    <Project Path="src/Infrastructure/JeffreyPalermo.Infrastructure.csproj" />
  </Folder>
  <Folder Name="/src/UI.Server/">
    <Project Path="src/UI.Server/JeffreyPalermo.UI.Server.csproj" />
  </Folder>
  <Folder Name="/tests/" />
  <Folder Name="/tests/AcceptanceTests/">
    <Project Path="tests/AcceptanceTests/JeffreyPalermo.AcceptanceTests.csproj" />
  </Folder>
  <Folder Name="/tests/IntegrationTests/">
    <Project Path="tests/IntegrationTests/JeffreyPalermo.IntegrationTests.csproj" />
  </Folder>
  <Folder Name="/tests/UnitTests/">
    <Project Path="tests/UnitTests/JeffreyPalermo.UnitTests.csproj" />
  </Folder>
  <Folder Name="/tools/" />
  <Folder Name="/tools/UrlContract/">
    <Project Path="tools/UrlContract/JeffreyPalermo.Tools.UrlContract.csproj" />
  </Folder>
  <Folder Name="/tools/WpMigrator/">
    <Project Path="tools/WpMigrator/JeffreyPalermo.Tools.WpMigrator.csproj" />
  </Folder>
</Solution>
